<?xml version="1.0" encoding="UTF-8" standalone="yes" ?>
<CodeBlocks_project_file>
	<FileVersion major="1" minor="6" />
	<Project>
		<Option title="sd_bootloader" />
		<Option pch_mode="2" />
		<Option compiler="gcc" />
		<Build>
			<Target title="Debug">
				<Option output="debug/sd_bootloader" prefix_auto="1" extension_auto="1" />
				<Option object_output="debug/" />
				<Option type="1" />
				<Option compiler="gcc" />
				<Compiler>
					<Add option="-g" />
				</Compiler>
			</Target>
			<Target title="Release">
				<Option output="sd_bootloader" prefix_auto="1" extension_auto="1" />
				<Option object_output="/home/robotdude/Projects/AVR_Projects/SD Card Projects/sd_bootloader/.objs" />
				<Option type="1" />
				<Option compiler="gcc" />
				<Compiler>
					<Add option="-O2" />
				</Compiler>
				<Linker>
					<Add option="-s" />
				</Linker>
			</Target>
		</Build>
		<Compiler>
			<Add option="-Wall" />
		</Compiler>
		<Unit filename="config.h" />
		<Unit filename="mmc.c">
			<Option compilerVar="CC" />
		</Unit>
		<Unit filename="mmc.h" />
		<Unit filename="sd_bootloader.c">
			<Option compilerVar="CC" />
		</Unit>
		<Unit filename="spi.c">
			<Option compilerVar="CC" />
		</Unit>
		<Unit filename="spi.h" />
		<Unit filename="usart0.c">
			<Option compilerVar="CC" />
		</Unit>
		<Unit filename="usart0.h" />
		<Extensions>
			<code_completion />
			<debugger />
		</Extensions>
	</Project>
</CodeBlocks_project_file>
